// !$*UTF8*$!
{
	archiveVersion = 1;
	classes = {
	};
	objectVersion = 77;
	objects = {

/* Begin PBXContainerItemProxy section */
		C4F006892F803FAA007B63EA /* PBXContainerItemProxy */ = {
			isa = PBXContainerItemProxy;
			containerPortal = C4F006732F803FA8007B63EA /* Project object */;
			proxyType = 1;
			remoteGlobalIDString = C4F0067A2F803FA8007B63EA;
			remoteInfo = "FIRST CALL";
		};
		C4F006932F803FAA007B63EA /* PBXContainerItemProxy */ = {
			isa = PBXContainerItemProxy;
			containerPortal = C4F006732F803FA8007B63EA /* Project object */;
			proxyType = 1;
			remoteGlobalIDString = C4F0067A2F803FA8007B63EA;
			remoteInfo = "FIRST CALL";
		};
/* End PBXContainerItemProxy section */

/* Begin PBXFileReference section */
		C42A46B92F80D94300815CCB /* FirstCall.xcodeproj */ = {isa = PBXFileReference; lastKnownFileType = "wrapper.pb-project"; path = FirstCall.xcodeproj; sourceTree = "<group>"; };
		C4F0067B2F803FA8007B63EA /* FIRST CALL.app */ = {isa = PBXFileReference; explicitFileType = wrapper.application; includeInIndex = 0; path = "FIRST CALL.app"; sourceTree = BUILT_PRODUCTS_DIR; };
		C4F006882F803FAA007B63EA /* FIRST CALLTests.xctest */ = {isa = PBXFileReference; explicitFileType = wrapper.cfbundle; includeInIndex = 0; path = "FIRST CALLTests.xctest"; sourceTree = BUILT_PRODUCTS_DIR; };
		C4F006922F803FAA007B63EA /* FIRST CALLUITests.xctest */ = {isa = PBXFileReference; explicitFileType = wrapper.cfbundle; includeInIndex = 0; path = "FIRST CALLUITests.xctest"; sourceTree = BUILT_PRODUCTS_DIR; };
		C4F006D62F8041CF007B63EA /* FirstCall.xcodeproj */ = {isa = PBXFileReference; lastKnownFileType = "wrapper.pb-project"; path = FirstCall.xcodeproj; sourceTree = "<group>"; };
		C4F007192F8042A7007B63EA /* FirstCall.xcodeproj */ = {isa = PBXFileReference; lastKnownFileType = "wrapper.pb-project"; path = FirstCall.xcodeproj; sourceTree = "<group>"; };
/* End PBXFileReference section */

/* Begin PBXFileSystemSynchronizedRootGroup section */
		C4F0067D2F803FA8007B63EA /* FIRST CALL */ = {
			isa = PBXFileSystemSynchronizedRootGroup;
			path = "FIRST CALL";
			sourceTree = "<group>";
		};
		C4F0068B2F803FAA007B63EA /* FIRST CALLTests */ = {
			isa = PBXFileSystemSynchronizedRootGroup;
			path = "FIRST CALLTests";
			sourceTree = "<group>";
		};
		C4F006952F803FAA007B63EA /* FIRST CALLUITests */ = {
			isa = PBXFileSystemSynchronizedRootGroup;
			path = "FIRST CALLUITests";
			sourceTree = "<group>";
		};
/* End PBXFileSystemSynchronizedRootGroup section */

/* Begin PBXFrameworksBuildPhase section */
		C4F006782F803FA8007B63EA /* Frameworks */ = {
			isa = PBXFrameworksBuildPhase;
			buildActionMask = 2147483647;
			files = (
			);
			runOnlyForDeploymentPostprocessing = 0;
		};
		C4F006852F803FAA007B63EA /* Frameworks */ = {
			isa = PBXFrameworksBuildPhase;
			buildActionMask = 2147483647;
			files = (
			);
			runOnlyForDeploymentPostprocessing = 0;
		};
		C4F0068F2F803FAA007B63EA /* Frameworks */ = {
			isa = PBXFrameworksBuildPhase;
			buildActionMask = 2147483647;
			files = (
			);
			runOnlyForDeploymentPostprocessing = 0;
		};
/* End PBXFrameworksBuildPhase section */

/* Begin PBXGroup section */
		C42A46BB2F80D94300815CCB /* Products */ = {
			isa = PBXGroup;
			children = (
			);
			name = Products;
			sourceTree = "<group>";
		};
		C4F006722F803FA8007B63EA = {
			isa = PBXGroup;
			children = (
				C4F0067D2F803FA8007B63EA /* FIRST CALL */,
				C4F0068B2F803FAA007B63EA /* FIRST CALLTests */,
				C4F006952F803FAA007B63EA /* FIRST CALLUITests */,
				C4F0067C2F803FA8007B63EA /* Products */,
			);
			sourceTree = "<group>";
		};
		C4F0067C2F803FA8007B63EA /* Products */ = {
			isa = PBXGroup;
			children = (
				C4F0067B2F803FA8007B63EA /* FIRST CALL.app */,
				C4F006882F803FAA007B63EA /* FIRST CALLTests.xctest */,
				C4F006922F803FAA007B63EA /* FIRST CALLUITests.xctest */,
			);
			name = Products;
			sourceTree = "<group>";
		};
		C4F006D92F8041CF007B63EA /* Products */ = {
			isa = PBXGroup;
			children = (
			);
			name = Products;
			sourceTree = "<group>";
		};
		C4F0071C2F8042A7007B63EA /* Products */ = {
			isa = PBXGroup;
			children = (
			);
			name = Products;
			sourceTree = "<group>";
		};
/* End PBXGroup section */

/* Begin PBXNativeTarget section */
		C4F0067A2F803FA8007B63EA /* FIRST CALL */ = {
			isa = PBXNativeTarget;
			buildConfigurationList = C4F0069C2F803FAA007B63EA /* Build configuration list for PBXNativeTarget "FIRST CALL" */;
			buildPhases = (
				C4F006772F803FA8007B63EA /* Sources */,
				C4F006782F803FA8007B63EA /* Frameworks */,
				C4F006792F803FA8007B63EA /* Resources */,
			);
			buildRules = (
			);
			dependencies = (
			);
			fileSystemSynchronizedGroups = (
				C4F0067D2F803FA8007B63EA /* FIRST CALL */,
			);
			name = "FIRST CALL";
			packageProductDependencies = (
			);
			productName = "FIRST CALL";
			productReference = C4F0067B2F803FA8007B63EA /* FIRST CALL.app */;
			productType = "com.apple.product-type.application";
		};
		C4F006872F803FAA007B63EA /* FIRST CALLTests */ = {
			isa = PBXNativeTarget;
			buildConfigurationList = C4F0069F2F803FAA007B63EA /* Build configuration list for PBXNativeTarget "FIRST CALLTests" */;
			buildPhases = (
				C4F006842F803FAA007B63EA /* Sources */,
				C4F006852F803FAA007B63EA /* Frameworks */,
				C4F006862F803FAA007B63EA /* Resources */,
			);
			buildRules = (
			);
			dependencies = (
				C4F0068A2F803FAA007B63EA /* PBXTargetDependency */,
			);
			fileSystemSynchronizedGroups = (
				C4F0068B2F803FAA007B63EA /* FIRST CALLTests */,
			);
			name = "FIRST CALLTests";
			packageProductDependencies = (
			);
			productName = "FIRST CALLTests";
			productReference = C4F006882F803FAA007B63EA /* FIRST CALLTests.xctest */;
			productType = "com.apple.product-type.bundle.unit-test";
		};
		C4F006912F803FAA007B63EA /* FIRST CALLUITests */ = {
			isa = PBXNativeTarget;
			buildConfigurationList = C4F006A22F803FAA007B63EA /* Build configuration list for PBXNativeTarget "FIRST CALLUITests" */;
			buildPhases = (
				C4F0068E2F803FAA007B63EA /* Sources */,
				C4F0068F2F803FAA007B63EA /* Frameworks */,
				C4F006902F803FAA007B63EA /* Resources */,
			);
			buildRules = (
			);
			dependencies = (
				C4F006942F803FAA007B63EA /* PBXTargetDependency */,
			);
			fileSystemSynchronizedGroups = (
				C4F006952F803FAA007B63EA /* FIRST CALLUITests */,
			);
			name = "FIRST CALLUITests";
			packageProductDependencies = (
			);
			productName = "FIRST CALLUITests";
			productReference = C4F006922F803FAA007B63EA /* FIRST CALLUITests.xctest */;
			productType = "com.apple.product-type.bundle.ui-testing";
		};
/* End PBXNativeTarget section */

/* Begin PBXProject section */
		C4F006732F803FA8007B63EA /* Project object */ = {
			isa = PBXProject;
			attributes = {
				BuildIndependentTargetsInParallel = 1;
				LastSwiftUpdateCheck = 1640;
				LastUpgradeCheck = 1640;
				TargetAttributes = {
					C4F0067A2F803FA8007B63EA = {
						CreatedOnToolsVersion = 16.4;
					};
					C4F006872F803FAA007B63EA = {
						CreatedOnToolsVersion = 16.4;
						TestTargetID = C4F0067A2F803FA8007B63EA;
					};
					C4F006912F803FAA007B63EA = {
						CreatedOnToolsVersion = 16.4;
						TestTargetID = C4F0067A2F803FA8007B63EA;
					};
				};
			};
			buildConfigurationList = C4F006762F803FA8007B63EA /* Build configuration list for PBXProject "FIRST CALL" */;
			developmentRegion = en;
			hasScannedForEncodings = 0;
			knownRegions = (
				en,
				Base,
			);
			mainGroup = C4F006722F803FA8007B63EA;
			minimizedProjectReferenceProxies = 1;
			preferredProjectObjectVersion = 77;
			productRefGroup = C4F0067C2F803FA8007B63EA /* Products */;
			projectDirPath = "";
			projectReferences = (
				{
					ProductGroup = C4F006D92F8041CF007B63EA /* Products */;
					ProjectRef = C4F006D62F8041CF007B63EA /* FirstCall.xcodeproj */;
				},
				{
					ProductGroup = C4F0071C2F8042A7007B63EA /* Products */;
					ProjectRef = C4F007192F8042A7007B63EA /* FirstCall.xcodeproj */;
				},
				{
					ProductGroup = C42A46BB2F80D94300815CCB /* Products */;
					ProjectRef = C42A46B92F80D94300815CCB /* FirstCall.xcodeproj */;
				},
			);
			projectRoot = "";
			targets = (
				C4F0067A2F803FA8007B63EA /* FIRST CALL */,
				C4F006872F803FAA007B63EA /* FIRST CALLTests */,
				C4F006912F803FAA007B63EA /* FIRST CALLUITests */,
			);
		};
/* End PBXProject section */

/* Begin PBXResourcesBuildPhase section */
		C4F006792F803FA8007B63EA /* Resources */ = {
			isa = PBXResourcesBuildPhase;
			buildActionMask = 2147483647;
			files = (
			);
			runOnlyForDeploymentPostprocessing = 0;
		};
		C4F006862F803FAA007B63EA /* Resources */ = {
			isa = PBXResourcesBuildPhase;
			buildActionMask = 2147483647;
			files = (
			);
			runOnlyForDeploymentPostprocessing = 0;
		};
		C4F006902F803FAA007B63EA /* Resources */ = {
			isa = PBXResourcesBuildPhase;
			buildActionMask = 2147483647;
			files = (
			);
			runOnlyForDeploymentPostprocessing = 0;
		};
/* End PBXResourcesBuildPhase section */

/* Begin PBXSourcesBuildPhase section */
		C4F006772F803FA8007B63EA /* Sources */ = {
			isa = PBXSourcesBuildPhase;
			buildActionMask = 2147483647;
			files = (
			);
			runOnlyForDeploymentPostprocessing = 0;
		};
		C4F006842F803FAA007B63EA /* Sources */ = {
			isa = PBXSourcesBuildPhase;
			buildActionMask = 2147483647;
			files = (
			);
			runOnlyForDeploymentPostprocessing = 0;
		};
		C4F0068E2F803FAA007B63EA /* Sources */ = {
			isa = PBXSourcesBuildPhase;
			buildActionMask = 2147483647;
			files = (
			);
			runOnlyForDeploymentPostprocessing = 0;
		};
/* End PBXSourcesBuildPhase section */

/* Begin PBXTargetDependency section */
		C4F0068A2F803FAA007B63EA /* PBXTargetDependency */ = {
			isa = PBXTargetDependency;
			target = C4F0067A2F803FA8007B63EA /* FIRST CALL */;
			targetProxy = C4F006892F803FAA007B63EA /* PBXContainerItemProxy */;
		};
		C4F006942F803FAA007B63EA /* PBXTargetDependency */ = {
			isa = PBXTargetDependency;
			target = C4F0067A2F803FA8007B63EA /* FIRST CALL */;
			targetProxy = C4F006932F803FAA007B63EA /* PBXContainerItemProxy */;
		};
/* End PBXTargetDependency section */

/* Begin XCBuildConfiguration section */
		C4F0069A2F803FAA007B63EA /* Debug */ = {
			isa = XCBuildConfiguration;
			buildSettings = {
				ALWAYS_SEARCH_USER_PATHS = NO;
				ASSETCATALOG_COMPILER_GENERATE_SWIFT_ASSET_SYMBOL_EXTENSIONS = YES;
				CLANG_ANALYZER_NONNULL = YES;
				CLANG_ANALYZER_NUMBER_OBJECT_CONVERSION = YES_AGGRESSIVE;
				CLANG_CXX_LANGUAGE_STANDARD = "gnu++20";
				CLANG_ENABLE_MODULES = YES;
				CLANG_ENABLE_OBJC_ARC = YES;
				CLANG_ENABLE_OBJC_WEAK = YES;
				CLANG_WARN_BLOCK_CAPTURE_AUTORELEASING = YES;
				CLANG_WARN_BOOL_CONVERSION = YES;
				CLANG_WARN_COMMA = YES;
				CLANG_WARN_CONSTANT_CONVERSION = YES;
				CLANG_WARN_DEPRECATED_OBJC_IMPLEMENTATIONS = YES;
				CLANG_WARN_DIRECT_OBJC_ISA_USAGE = YES_ERROR;
				CLANG_WARN_DOCUMENTATION_COMMENTS = YES;
				CLANG_WARN_EMPTY_BODY = YES;
				CLANG_WARN_ENUM_CONVERSION = YES;
				CLANG_WARN_INFINITE_RECURSION = YES;
				CLANG_WARN_INT_CONVERSION = YES;
				CLANG_WARN_NON_LITERAL_NULL_CONVERSION = YES;
				CLANG_WARN_OBJC_IMPLICIT_RETAIN_SELF = YES;
				CLANG_WARN_OBJC_LITERAL_CONVERSION = YES;
				CLANG_WARN_OBJC_ROOT_CLASS = YES_ERROR;
				CLANG_WARN_QUOTED_INCLUDE_IN_FRAMEWORK_HEADER = YES;
				CLANG_WARN_RANGE_LOOP_ANALYSIS = YES;
				CLANG_WARN_STRICT_PROTOTYPES = YES;
				CLANG_WARN_SUSPICIOUS_MOVE = YES;
				CLANG_WARN_UNGUARDED_AVAILABILITY = YES_AGGRESSIVE;
				CLANG_WARN_UNREACHABLE_CODE = YES;
				CLANG_WARN__DUPLICATE_METHOD_MATCH = YES;
				COPY_PHASE_STRIP = NO;
				DEBUG_INFORMATION_FORMAT = dwarf;
				DEVELOPMENT_TEAM = 9G8RQX8VS9;
				ENABLE_STRICT_OBJC_MSGSEND = YES;
				ENABLE_TESTABILITY = YES;
				ENABLE_USER_SCRIPT_SANDBOXING = YES;
				GCC_C_LANGUAGE_STANDARD = gnu17;
				GCC_DYNAMIC_NO_PIC = NO;
				GCC_NO_COMMON_BLOCKS = YES;
				GCC_OPTIMIZATION_LEVEL = 0;
				GCC_PREPROCESSOR_DEFINITIONS = (
					"DEBUG=1",
					"$(inherited)",
				);
				GCC_WARN_64_TO_32_BIT_CONVERSION = YES;
				GCC_WARN_ABOUT_RETURN_TYPE = YES_ERROR;
				GCC_WARN_UNDECLARED_SELECTOR = YES;
				GCC_WARN_UNINITIALIZED_AUTOS = YES_AGGRESSIVE;
				GCC_WARN_UNUSED_FUNCTION = YES;
				GCC_WARN_UNUSED_VARIABLE = YES;
				IPHONEOS_DEPLOYMENT_TARGET = 18.5;
				LOCALIZATION_PREFERS_STRING_CATALOGS = YES;
				MTL_ENABLE_DEBUG_INFO = INCLUDE_SOURCE;
				MTL_FAST_MATH = YES;
				ONLY_ACTIVE_ARCH = YES;
				SDKROOT = iphoneos;
				SWIFT_ACTIVE_COMPILATION_CONDITIONS = "DEBUG $(inherited)";
				SWIFT_OPTIMIZATION_LEVEL = "-Onone";
			};
			name = Debug;
		};
		C4F0069B2F803FAA007B63EA /* Release */ = {
			isa = XCBuildConfiguration;
			buildSettings = {
				ALWAYS_SEARCH_USER_PATHS = NO;
				ASSETCATALOG_COMPILER_GENERATE_SWIFT_ASSET_SYMBOL_EXTENSIONS = YES;
				CLANG_ANALYZER_NONNULL = YES;
				CLANG_ANALYZER_NUMBER_OBJECT_CONVERSION = YES_AGGRESSIVE;
				CLANG_CXX_LANGUAGE_STANDARD = "gnu++20";
				CLANG_ENABLE_MODULES = YES;
				CLANG_ENABLE_OBJC_ARC = YES;
				CLANG_ENABLE_OBJC_WEAK = YES;
				CLANG_WARN_BLOCK_CAPTURE_AUTORELEASING = YES;
				CLANG_WARN_BOOL_CONVERSION = YES;
				CLANG_WARN_COMMA = YES;
				CLANG_WARN_CONSTANT_CONVERSION = YES;
				CLANG_WARN_DEPRECATED_OBJC_IMPLEMENTATIONS = YES;
				CLANG_WARN_DIRECT_OBJC_ISA_USAGE = YES_ERROR;
				CLANG_WARN_DOCUMENTATION_COMMENTS = YES;
				CLANG_WARN_EMPTY_BODY = YES;
				CLANG_WARN_ENUM_CONVERSION = YES;
				CLANG_WARN_INFINITE_RECURSION = YES;
				CLANG_WARN_INT_CONVERSION = YES;
				CLANG_WARN_NON_LITERAL_NULL_CONVERSION = YES;
				CLANG_WARN_OBJC_IMPLICIT_RETAIN_SELF = YES;
				CLANG_WARN_OBJC_LITERAL_CONVERSION = YES;
				CLANG_WARN_OBJC_ROOT_CLASS = YES_ERROR;
				CLANG_WARN_QUOTED_INCLUDE_IN_FRAMEWORK_HEADER = YES;
				CLANG_WARN_RANGE_LOOP_ANALYSIS = YES;
				CLANG_WARN_STRICT_PROTOTYPES = YES;
				CLANG_WARN_SUSPICIOUS_MOVE = YES;
				CLANG_WARN_UNGUARDED_AVAILABILITY = YES_AGGRESSIVE;
				CLANG_WARN_UNREACHABLE_CODE = YES;
				CLANG_WARN__DUPLICATE_METHOD_MATCH = YES;
				COPY_PHASE_STRIP = NO;
				DEBUG_INFORMATION_FORMAT = "dwarf-with-dsym";
				DEVELOPMENT_TEAM = 9G8RQX8VS9;
				ENABLE_NS_ASSERTIONS = NO;
				ENABLE_STRICT_OBJC_MSGSEND = YES;
				ENABLE_USER_SCRIPT_SANDBOXING = YES;
				GCC_C_LANGUAGE_STANDARD = gnu17;
				GCC_NO_COMMON_BLOCKS = YES;
				GCC_WARN_64_TO_32_BIT_CONVERSION = YES;
				GCC_WARN_ABOUT_RETURN_TYPE = YES_ERROR;
				GCC_WARN_UNDECLARED_SELECTOR = YES;
				GCC_WARN_UNINITIALIZED_AUTOS = YES_AGGRESSIVE;
				GCC_WARN_UNUSED_FUNCTION = YES;
				GCC_WARN_UNUSED_VARIABLE = YES;
				IPHONEOS_DEPLOYMENT_TARGET = 18.5;
				LOCALIZATION_PREFERS_STRING_CATALOGS = YES;
				MTL_ENABLE_DEBUG_INFO = NO;
				MTL_FAST_MATH = YES;
				SDKROOT = iphoneos;
				SWIFT_COMPILATION_MODE = wholemodule;
				VALIDATE_PRODUCT = YES;
			};
			name = Release;
		};
		C4F0069D2F803FAA007B63EA /* Debug */ = {
			isa = XCBuildConfiguration;
			buildSettings = {
				ASSETCATALOG_COMPILER_APPICON_NAME = AppIcon;
				ASSETCATALOG_COMPILER_GLOBAL_ACCENT_COLOR_NAME = AccentColor;
				CODE_SIGN_STYLE = Automatic;
				CURRENT_PROJECT_VERSION = 1;
				DEVELOPMENT_TEAM = 9G8RQX8VS9;
				ENABLE_PREVIEWS = YES;
				GENERATE_INFOPLIST_FILE = NO;
				INFOPLIST_FILE = "FIRST CALL/App-Info.plist";
				INFOPLIST_KEY_UIApplicationSceneManifest_Generation = YES;
				INFOPLIST_KEY_UIApplicationSupportsIndirectInputEvents = YES;
				INFOPLIST_KEY_UILaunchScreen_Generation = YES;
				INFOPLIST_KEY_UISupportedInterfaceOrientations_iPad = "UIInterfaceOrientationPortrait UIInterfaceOrientationPortraitUpsideDown UIInterfaceOrientationLandscapeLeft UIInterfaceOrientationLandscapeRight";
				INFOPLIST_KEY_UISupportedInterfaceOrientations_iPhone = "UIInterfaceOrientationPortrait UIInterfaceOrientationLandscapeLeft UIInterfaceOrientationLandscapeRight";
				LD_RUNPATH_SEARCH_PATHS = (
					"$(inherited)",
					"@executable_path/Frameworks",
				);
				MARKETING_VERSION = 1.0;
				PRODUCT_BUNDLE_IDENTIFIER = "noor.FIRST-CALL";
				PRODUCT_NAME = "$(TARGET_NAME)";
				SWIFT_EMIT_LOC_STRINGS = YES;
				SWIFT_VERSION = 5.0;
				TARGETED_DEVICE_FAMILY = "1,2";
			};
			name = Debug;
		};
		C4F0069E2F803FAA007B63EA /* Release */ = {
			isa = XCBuildConfiguration;
			buildSettings = {
				ASSETCATALOG_COMPILER_APPICON_NAME = AppIcon;
				ASSETCATALOG_COMPILER_GLOBAL_ACCENT_COLOR_NAME = AccentColor;
				CODE_SIGN_STYLE = Automatic;
				CURRENT_PROJECT_VERSION = 1;
				DEVELOPMENT_TEAM = 9G8RQX8VS9;
				ENABLE_PREVIEWS = YES;
				GENERATE_INFOPLIST_FILE = NO;
				INFOPLIST_FILE = "FIRST CALL/App-Info.plist";
				INFOPLIST_KEY_UIApplicationSceneManifest_Generation = YES;
				INFOPLIST_KEY_UIApplicationSupportsIndirectInputEvents = YES;
				INFOPLIST_KEY_UILaunchScreen_Generation = YES;
				INFOPLIST_KEY_UISupportedInterfaceOrientations_iPad = "UIInterfaceOrientationPortrait UIInterfaceOrientationPortraitUpsideDown UIInterfaceOrientationLandscapeLeft UIInterfaceOrientationLandscapeRight";
				INFOPLIST_KEY_UISupportedInterfaceOrientations_iPhone = "UIInterfaceOrientationPortrait UIInterfaceOrientationLandscapeLeft UIInterfaceOrientationLandscapeRight";
				LD_RUNPATH_SEARCH_PATHS = (
					"$(inherited)",
					"@executable_path/Frameworks",
				);
				MARKETING_VERSION = 1.0;
				PRODUCT_BUNDLE_IDENTIFIER = "noor.FIRST-CALL";
				PRODUCT_NAME = "$(TARGET_NAME)";
				SWIFT_EMIT_LOC_STRINGS = YES;
				SWIFT_VERSION = 5.0;
				TARGETED_DEVICE_FAMILY = "1,2";
			};
			name = Release;
		};
		C4F006A02F803FAA007B63EA /* Debug */ = {
			isa = XCBuildConfiguration;
			buildSettings = {
				BUNDLE_LOADER = "$(TEST_HOST)";
				CODE_SIGN_STYLE = Automatic;
				CURRENT_PROJECT_VERSION = 1;
				DEVELOPMENT_TEAM = 9G8RQX8VS9;
				GENERATE_INFOPLIST_FILE = YES;
				IPHONEOS_DEPLOYMENT_TARGET = 18.5;
				MARKETING_VERSION = 1.0;
				PRODUCT_BUNDLE_IDENTIFIER = "noor.FIRST-CALLTests";
				PRODUCT_NAME = "$(TARGET_NAME)";
				SWIFT_EMIT_LOC_STRINGS = NO;
				SWIFT_VERSION = 5.0;
				TARGETED_DEVICE_FAMILY = "1,2";
				TEST_HOST = "$(BUILT_PRODUCTS_DIR)/FIRST CALL.app/$(BUNDLE_EXECUTABLE_FOLDER_PATH)/FIRST CALL";
			};
			name = Debug;
		};
		C4F006A12F803FAA007B63EA /* Release */ = {
			isa = XCBuildConfiguration;
			buildSettings = {
				BUNDLE_LOADER = "$(TEST_HOST)";
				CODE_SIGN_STYLE = Automatic;
				CURRENT_PROJECT_VERSION = 1;
				DEVELOPMENT_TEAM = 9G8RQX8VS9;
				GENERATE_INFOPLIST_FILE = YES;
				IPHONEOS_DEPLOYMENT_TARGET = 18.5;
				MARKETING_VERSION = 1.0;
				PRODUCT_BUNDLE_IDENTIFIER = "noor.FIRST-CALLTests";
				PRODUCT_NAME = "$(TARGET_NAME)";
				SWIFT_EMIT_LOC_STRINGS = NO;
				SWIFT_VERSION = 5.0;
				TARGETED_DEVICE_FAMILY = "1,2";
				TEST_HOST = "$(BUILT_PRODUCTS_DIR)/FIRST CALL.app/$(BUNDLE_EXECUTABLE_FOLDER_PATH)/FIRST CALL";
			};
			name = Release;
		};
		C4F006A32F803FAA007B63EA /* Debug */ = {
			isa = XCBuildConfiguration;
			buildSettings = {
				CODE_SIGN_STYLE = Automatic;
				CURRENT_PROJECT_VERSION = 1;
				DEVELOPMENT_TEAM = 9G8RQX8VS9;
				GENERATE_INFOPLIST_FILE = YES;
				MARKETING_VERSION = 1.0;
				PRODUCT_BUNDLE_IDENTIFIER = "noor.FIRST-CALLUITests";
				PRODUCT_NAME = "$(TARGET_NAME)";
				SWIFT_EMIT_LOC_STRINGS = NO;
				SWIFT_VERSION = 5.0;
				TARGETED_DEVICE_FAMILY = "1,2";
				TEST_TARGET_NAME = "FIRST CALL";
			};
			name = Debug;
		};
		C4F006A42F803FAA007B63EA /* Release */ = {
			isa = XCBuildConfiguration;
			buildSettings = {
				CODE_SIGN_STYLE = Automatic;
				CURRENT_PROJECT_VERSION = 1;
				DEVELOPMENT_TEAM = 9G8RQX8VS9;
				GENERATE_INFOPLIST_FILE = YES;
				MARKETING_VERSION = 1.0;
				PRODUCT_BUNDLE_IDENTIFIER = "noor.FIRST-CALLUITests";
				PRODUCT_NAME = "$(TARGET_NAME)";
				SWIFT_EMIT_LOC_STRINGS = NO;
				SWIFT_VERSION = 5.0;
				TARGETED_DEVICE_FAMILY = "1,2";
				TEST_TARGET_NAME = "FIRST CALL";
			};
			name = Release;
		};
/* End XCBuildConfiguration section */

/* Begin XCConfigurationList section */
		C4F006762F803FA8007B63EA /* Build configuration list for PBXProject "FIRST CALL" */ = {
			isa = XCConfigurationList;
			buildConfigurations = (
				C4F0069A2F803FAA007B63EA /* Debug */,
				C4F0069B2F803FAA007B63EA /* Release */,
			);
			defaultConfigurationIsVisible = 0;
			defaultConfigurationName = Release;
		};
		C4F0069C2F803FAA007B63EA /* Build configuration list for PBXNativeTarget "FIRST CALL" */ = {
			isa = XCConfigurationList;
			buildConfigurations = (
				C4F0069D2F803FAA007B63EA /* Debug */,
				C4F0069E2F803FAA007B63EA /* Release */,
			);
			defaultConfigurationIsVisible = 0;
			defaultConfigurationName = Release;
		};
		C4F0069F2F803FAA007B63EA /* Build configuration list for PBXNativeTarget "FIRST CALLTests" */ = {
			isa = XCConfigurationList;
			buildConfigurations = (
				C4F006A02F803FAA007B63EA /* Debug */,
				C4F006A12F803FAA007B63EA /* Release */,
			);
			defaultConfigurationIsVisible = 0;
			defaultConfigurationName = Release;
		};
		C4F006A22F803FAA007B63EA /* Build configuration list for PBXNativeTarget "FIRST CALLUITests" */ = {
			isa = XCConfigurationList;
			buildConfigurations = (
				C4F006A32F803FAA007B63EA /* Debug */,
				C4F006A42F803FAA007B63EA /* Release */,
			);
			defaultConfigurationIsVisible = 0;
			defaultConfigurationName = Release;
		};
/* End XCConfigurationList section */
	};
	rootObject = C4F006732F803FA8007B63EA /* Project object */;
}
